
Microsoft Visual Studio Solution File, Format Version 12.00
# Visual Studio Version 17
VisualStudioVersion = 17.8.34330.188
MinimumVisualStudioVersion = 10.0.40219.1
Project("{FAE04EC0-301F-11D3-BF4B-00C04F79EFBC}") = "ParallelSumClass", "ParallelSumClass\ParallelSumClass.csproj", "{8E7ECCA3-EAE4-44BF-9EC9-0BE7582D782C}"
EndProject
Project("{FAE04EC0-301F-11D3-BF4B-00C04F79EFBC}") = "TestProject", "TestProject\TestProject.csproj", "{135DCEC2-840B-4660-B300-D4D0718C1397}"
EndProject
Global
	GlobalSection(SolutionConfigurationPlatforms) = preSolution
		Debug|Any CPU = Debug|Any CPU
		Release|Any CPU = Release|Any CPU
	EndGlobalSection
	GlobalSection(ProjectConfigurationPlatforms) = postSolution
		{8E7ECCA3-EAE4-44BF-9EC9-0BE7582D782C}.Debug|Any CPU.ActiveCfg = Debug|Any CPU
		{8E7ECCA3-EAE4-44BF-9EC9-0BE7582D782C}.Debug|Any CPU.Build.0 = Debug|Any CPU
		{8E7ECCA3-EAE4-44BF-9EC9-0BE7582D782C}.Release|Any CPU.ActiveCfg = Release|Any CPU
		{8E7ECCA3-EAE4-44BF-9EC9-0BE7582D782C}.Release|Any CPU.Build.0 = Release|Any CPU
		{135DCEC2-840B-4660-B300-D4D0718C1397}.Debug|Any CPU.ActiveCfg = Debug|Any CPU
		{135DCEC2-840B-4660-B300-D4D0718C1397}.Debug|Any CPU.Build.0 = Debug|Any CPU
		{135DCEC2-840B-4660-B300-D4D0718C1397}.Release|Any CPU.ActiveCfg = Release|Any CPU
		{135DCEC2-840B-4660-B300-D4D0718C1397}.Release|Any CPU.Build.0 = Release|Any CPU
	EndGlobalSection
	GlobalSection(SolutionProperties) = preSolution
		HideSolutionNode = FALSE
	EndGlobalSection
	GlobalSection(ExtensibilityGlobals) = postSolution
		SolutionGuid = {A02C24D6-9BEB-4D2A-9888-AE4993D4E622}
	EndGlobalSection
EndGlobal
